
Microsoft Visual Studio Solution File, Format Version 12.00
# Visual Studio 15
VisualStudioVersion = 15.0.28010.0
MinimumVisualStudioVersion = 10.0.40219.1
Project("{FAE04EC0-301F-11D3-BF4B-00C04F79EFBC}") = "VehicleFall18", "VehicleFall18\VehicleFall18.csproj", "{8350A6D4-BFF9-416B-A493-B2D9D3F69712}"
EndProject
Project("{FAE04EC0-301F-11D3-BF4B-00C04F79EFBC}") = "VehicleFall18.Tests", "VehicleFall18.Tests\VehicleFall18.Tests.csproj", "{3FC092C8-5C29-4C54-A62A-4750D64CAEBF}"
EndProject
Global
	GlobalSection(SolutionConfigurationPlatforms) = preSolution
		Debug|Any CPU = Debug|Any CPU
		Release|Any CPU = Release|Any CPU
	EndGlobalSection
	GlobalSection(ProjectConfigurationPlatforms) = postSolution
		{8350A6D4-BFF9-416B-A493-B2D9D3F69712}.Debug|Any CPU.ActiveCfg = Debug|Any CPU
		{8350A6D4-BFF9-416B-A493-B2D9D3F69712}.Debug|Any CPU.Build.0 = Debug|Any CPU
		{8350A6D4-BFF9-416B-A493-B2D9D3F69712}.Release|Any CPU.ActiveCfg = Release|Any CPU
		{8350A6D4-BFF9-416B-A493-B2D9D3F69712}.Release|Any CPU.Build.0 = Release|Any CPU
		{3FC092C8-5C29-4C54-A62A-4750D64CAEBF}.Debug|Any CPU.ActiveCfg = Debug|Any CPU
		{3FC092C8-5C29-4C54-A62A-4750D64CAEBF}.Debug|Any CPU.Build.0 = Debug|Any CPU
		{3FC092C8-5C29-4C54-A62A-4750D64CAEBF}.Release|Any CPU.ActiveCfg = Release|Any CPU
		{3FC092C8-5C29-4C54-A62A-4750D64CAEBF}.Release|Any CPU.Build.0 = Release|Any CPU
	EndGlobalSection
	GlobalSection(SolutionProperties) = preSolution
		HideSolutionNode = FALSE
	EndGlobalSection
	GlobalSection(ExtensibilityGlobals) = postSolution
		SolutionGuid = {D49477F4-1BAC-49C3-821C-1C78243C455E}
	EndGlobalSection
EndGlobal
